
Microsoft Visual Studio Solution File, Format Version 12.00
# Visual Studio Version 17
VisualStudioVersion = 17.1.32210.238
MinimumVisualStudioVersion = 10.0.40219.1
Project("{9A19103F-16F7-4668-BE54-9A1E7A4F7556}") = "WebAPI_6_01.API", "WebAPI_6_01\WebAPI_6_01.API.csproj", "{FA0724C3-DC77-4B72-A8B7-EE207C5D3654}"
EndProject
Project("{9A19103F-16F7-4668-BE54-9A1E7A4F7556}") = "WebAPI_6_01.Domain", "WebAPI_6_01.Domain\WebAPI_6_01.Domain.csproj", "{17088F0E-F0F5-4DE3-A7C4-0661769930B3}"
EndProject
Project("{9A19103F-16F7-4668-BE54-9A1E7A4F7556}") = "WebAPI_6_01.Infrastructure", "WebAPI_6_01.Infrastructure\WebAPI_6_01.Infrastructure.csproj", "{9CC29F50-F413-4AD9-A23D-2E0561A9258F}"
EndProject
Project("{FAE04EC0-301F-11D3-BF4B-00C04F79EFBC}") = "TestProject1", "TestProject1\TestProject1.csproj", "{667EE269-9165-4061-9ED0-640A2DB88ABE}"
EndProject
Global
	GlobalSection(SolutionConfigurationPlatforms) = preSolution
		Debug|Any CPU = Debug|Any CPU
		Release|Any CPU = Release|Any CPU
	EndGlobalSection
	GlobalSection(ProjectConfigurationPlatforms) = postSolution
		{FA0724C3-DC77-4B72-A8B7-EE207C5D3654}.Debug|Any CPU.ActiveCfg = Debug|Any CPU
		{FA0724C3-DC77-4B72-A8B7-EE207C5D3654}.Debug|Any CPU.Build.0 = Debug|Any CPU
		{FA0724C3-DC77-4B72-A8B7-EE207C5D3654}.Release|Any CPU.ActiveCfg = Release|Any CPU
		{FA0724C3-DC77-4B72-A8B7-EE207C5D3654}.Release|Any CPU.Build.0 = Release|Any CPU
		{17088F0E-F0F5-4DE3-A7C4-0661769930B3}.Debug|Any CPU.ActiveCfg = Debug|Any CPU
		{17088F0E-F0F5-4DE3-A7C4-0661769930B3}.Debug|Any CPU.Build.0 = Debug|Any CPU
		{17088F0E-F0F5-4DE3-A7C4-0661769930B3}.Release|Any CPU.ActiveCfg = Release|Any CPU
		{17088F0E-F0F5-4DE3-A7C4-0661769930B3}.Release|Any CPU.Build.0 = Release|Any CPU
		{9CC29F50-F413-4AD9-A23D-2E0561A9258F}.Debug|Any CPU.ActiveCfg = Debug|Any CPU
		{9CC29F50-F413-4AD9-A23D-2E0561A9258F}.Debug|Any CPU.Build.0 = Debug|Any CPU
		{9CC29F50-F413-4AD9-A23D-2E0561A9258F}.Release|Any CPU.ActiveCfg = Release|Any CPU
		{9CC29F50-F413-4AD9-A23D-2E0561A9258F}.Release|Any CPU.Build.0 = Release|Any CPU
		{667EE269-9165-4061-9ED0-640A2DB88ABE}.Debug|Any CPU.ActiveCfg = Debug|Any CPU
		{667EE269-9165-4061-9ED0-640A2DB88ABE}.Debug|Any CPU.Build.0 = Debug|Any CPU
		{667EE269-9165-4061-9ED0-640A2DB88ABE}.Release|Any CPU.ActiveCfg = Release|Any CPU
		{667EE269-9165-4061-9ED0-640A2DB88ABE}.Release|Any CPU.Build.0 = Release|Any CPU
	EndGlobalSection
	GlobalSection(SolutionProperties) = preSolution
		HideSolutionNode = FALSE
	EndGlobalSection
	GlobalSection(ExtensibilityGlobals) = postSolution
		SolutionGuid = {8AE3F5B0-36FA-4E6F-8474-8D45E9967A55}
	EndGlobalSection
EndGlobal
