
Microsoft Visual Studio Solution File, Format Version 12.00
# Visual Studio Version 17
VisualStudioVersion = 17.13.35931.197
MinimumVisualStudioVersion = 10.0.40219.1
Project("{FAE04EC0-301F-11D3-BF4B-00C04F79EFBC}") = "IncommingPost", "IncommingPost\IncommingPost.csproj", "{64DA7CF3-1F19-40A4-8D17-6E6667C024BA}"
EndProject
Project("{FAE04EC0-301F-11D3-BF4B-00C04F79EFBC}") = "IncommingPost.Domain", "IncommingPost.Domain\IncommingPost.Domain.csproj", "{6F5BF76E-AB32-6FC5-983E-EADFC891962C}"
EndProject
Project("{FAE04EC0-301F-11D3-BF4B-00C04F79EFBC}") = "IncommingPost.Infrastructure", "IncommingPost.Infrastructure\IncommingPost.Infrastructure.csproj", "{434251E8-6A17-339C-008E-27879932421E}"
EndProject
Global
	GlobalSection(SolutionConfigurationPlatforms) = preSolution
		Debug|Any CPU = Debug|Any CPU
		Release|Any CPU = Release|Any CPU
	EndGlobalSection
	GlobalSection(ProjectConfigurationPlatforms) = postSolution
		{64DA7CF3-1F19-40A4-8D17-6E6667C024BA}.Debug|Any CPU.ActiveCfg = Debug|Any CPU
		{64DA7CF3-1F19-40A4-8D17-6E6667C024BA}.Debug|Any CPU.Build.0 = Debug|Any CPU
		{64DA7CF3-1F19-40A4-8D17-6E6667C024BA}.Release|Any CPU.ActiveCfg = Release|Any CPU
		{64DA7CF3-1F19-40A4-8D17-6E6667C024BA}.Release|Any CPU.Build.0 = Release|Any CPU
		{6F5BF76E-AB32-6FC5-983E-EADFC891962C}.Debug|Any CPU.ActiveCfg = Debug|Any CPU
		{6F5BF76E-AB32-6FC5-983E-EADFC891962C}.Debug|Any CPU.Build.0 = Debug|Any CPU
		{6F5BF76E-AB32-6FC5-983E-EADFC891962C}.Release|Any CPU.ActiveCfg = Release|Any CPU
		{6F5BF76E-AB32-6FC5-983E-EADFC891962C}.Release|Any CPU.Build.0 = Release|Any CPU
		{434251E8-6A17-339C-008E-27879932421E}.Debug|Any CPU.ActiveCfg = Debug|Any CPU
		{434251E8-6A17-339C-008E-27879932421E}.Debug|Any CPU.Build.0 = Debug|Any CPU
		{434251E8-6A17-339C-008E-27879932421E}.Release|Any CPU.ActiveCfg = Release|Any CPU
		{434251E8-6A17-339C-008E-27879932421E}.Release|Any CPU.Build.0 = Release|Any CPU
	EndGlobalSection
	GlobalSection(SolutionProperties) = preSolution
		HideSolutionNode = FALSE
	EndGlobalSection
	GlobalSection(ExtensibilityGlobals) = postSolution
		SolutionGuid = {708819EB-6A3F-4D89-8B19-533B58B9F81A}
	EndGlobalSection
EndGlobal
